// !$*UTF8*$!
{
	archiveVersion = 1;
	classes = {
	};
	objectVersion = 46;
	objects = {

/* Begin PBXBuildFile section */
		D2103CA71C65AFAB00830F56 /* AppDelegate.swift in Sources */ = {isa = PBXBuildFile; fileRef = D2103CA61C65AFAB00830F56 /* AppDelegate.swift */; };
		D2103CA91C65AFAB00830F56 /* ViewController.swift in Sources */ = {isa = PBXBuildFile; fileRef = D2103CA81C65AFAB00830F56 /* ViewController.swift */; };
		D2103CAC1C65AFAB00830F56 /* Main.storyboard in Resources */ = {isa = PBXBuildFile; fileRef = D2103CAA1C65AFAB00830F56 /* Main.storyboard */; };
		D2103CAE1C65AFAB00830F56 /* Assets.xcassets in Resources */ = {isa = PBXBuildFile; fileRef = D2103CAD1C65AFAB00830F56 /* Assets.xcassets */; };
		D2103CB11C65AFAB00830F56 /* LaunchScreen.storyboard in Resources */ = {isa = PBXBuildFile; fileRef = D2103CAF1C65AFAB00830F56 /* LaunchScreen.storyboard */; };
/* End PBXBuildFile section */

/* Begin PBXFileReference section */
		D2103CA31C65AFAB00830F56 /* bowl-social-dev.app */ = {isa = PBXFileReference; explicitFileType = wrapper.application; includeInIndex = 0; path = "bowl-social-dev.app"; sourceTree = BUILT_PRODUCTS_DIR; };
		D2103CA61C65AFAB00830F56 /* AppDelegate.swift */ = {isa = PBXFileReference; lastKnownFileType = sourcecode.swift; path = AppDelegate.swift; sourceTree = "<group>"; };
		D2103CA81C65AFAB00830F56 /* ViewController.swift */ = {isa = PBXFileReference; lastKnownFileType = sourcecode.swift; path = ViewController.swift; sourceTree = "<group>"; };
		D2103CAB1C65AFAB00830F56 /* Base */ = {isa = PBXFileReference; lastKnownFileType = file.storyboard; name = Base; path = Base.lproj/Main.storyboard; sourceTree = "<group>"; };
		D2103CAD1C65AFAB00830F56 /* Assets.xcassets */ = {isa = PBXFileReference; lastKnownFileType = folder.assetcatalog; path = Assets.xcassets; sourceTree = "<group>"; };
		D2103CB01C65AFAB00830F56 /* Base */ = {isa = PBXFileReference; lastKnownFileType = file.storyboard; name = Base; path = Base.lproj/LaunchScreen.storyboard; sourceTree = "<group>"; };
		D2103CB21C65AFAB00830F56 /* Info.plist */ = {isa = PBXFileReference; lastKnownFileType = text.plist.xml; path = Info.plist; sourceTree = "<group>"; };
/* End PBXFileReference section */

/* Begin PBXFrameworksBuildPhase section */
		D2103CA01C65AFAB00830F56 /* Frameworks */ = {
			isa = PBXFrameworksBuildPhase;
			buildActionMask = 2147483647;
			files = (
			);
			runOnlyForDeploymentPostprocessing = 0;
		};
/* End PBXFrameworksBuildPhase section */

/* Begin PBXGroup section */
		D2103C9A1C65AFAB00830F56 = {
			isa = PBXGroup;
			children = (
				D2103CA51C65AFAB00830F56 /* bowl-social-dev */,
				D2103CA41C65AFAB00830F56 /* Products */,
			);
			sourceTree = "<group>";
		};
		D2103CA41C65AFAB00830F56 /* Products */ = {
			isa = PBXGroup;
			children = (
				D2103CA31C65AFAB00830F56 /* bowl-social-dev.app */,
			);
			name = Products;
			sourceTree = "<group>";
		};
		D2103CA51C65AFAB00830F56 /* bowl-social-dev */ = {
			isa = PBXGroup;
			children = (
				D2103CA61C65AFAB00830F56 /* AppDelegate.swift */,
				D2103CA81C65AFAB00830F56 /* ViewController.swift */,
				D2103CAA1C65AFAB00830F56 /* Main.storyboard */,
				D2103CAD1C65AFAB00830F56 /* Assets.xcassets */,
				D2103CAF1C65AFAB00830F56 /* LaunchScreen.storyboard */,
				D2103CB21C65AFAB00830F56 /* Info.plist */,
			);
			path = "bowl-social-dev";
			sourceTree = "<group>";
		};
/* End PBXGroup section */

/* Begin PBXNativeTarget section */
		D2103CA21C65AFAB00830F56 /* bowl-social-dev */ = {
			isa = PBXNativeTarget;
			buildConfigurationList = D2103CB51C65AFAB00830F56 /* Build configuration list for PBXNativeTarget "bowl-social-dev" */;
			buildPhases = (
				D2103C9F1C65AFAB00830F56 /* Sources */,
				D2103CA01C65AFAB00830F56 /* Frameworks */,
				D2103CA11C65AFAB00830F56 /* Resources */,
			);
			buildRules = (
			);
			dependencies = (
			);
			name = "bowl-social-dev";
			productName = "bowl-social-dev";
			productReference = D2103CA31C65AFAB00830F56 /* bowl-social-dev.app */;
			productType = "com.apple.product-type.application";
		};
/* End PBXNativeTarget section */

/* Begin PBXProject section */
		D2103C9B1C65AFAB00830F56 /* Project object */ = {
			isa = PBXProject;
			attributes = {
				LastSwiftUpdateCheck = 0720;
				LastUpgradeCheck = 0720;
				ORGANIZATIONNAME = "Code Create Innovate";
				TargetAttributes = {
					D2103CA21C65AFAB00830F56 = {
						CreatedOnToolsVersion = 7.2;
						DevelopmentTeam = ER4A5ZBPTH;
					};
				};
			};
			buildConfigurationList = D2103C9E1C65AFAB00830F56 /* Build configuration list for PBXProject "bowl-social-dev" */;
			compatibilityVersion = "Xcode 3.2";
			developmentRegion = English;
			hasScannedForEncodings = 0;
			knownRegions = (
				en,
				Base,
			);
			mainGroup = D2103C9A1C65AFAB00830F56;
			productRefGroup = D2103CA41C65AFAB00830F56 /* Products */;
			projectDirPath = "";
			projectRoot = "";
			targets = (
				D2103CA21C65AFAB00830F56 /* bowl-social-dev */,
			);
		};
/* End PBXProject section */

/* Begin PBXResourcesBuildPhase section */
		D2103CA11C65AFAB00830F56 /* Resources */ = {
			isa = PBXResourcesBuildPhase;
			buildActionMask = 2147483647;
			files = (
				D2103CB11C65AFAB00830F56 /* LaunchScreen.storyboard in Resources */,
				D2103CAE1C65AFAB00830F56 /* Assets.xcassets in Resources */,
				D2103CAC1C65AFAB00830F56 /* Main.storyboard in Resources */,
			);
			runOnlyForDeploymentPostprocessing = 0;
		};
/* End PBXResourcesBuildPhase section */

/* Begin PBXSourcesBuildPhase section */
		D2103C9F1C65AFAB00830F56 /* Sources */ = {
			isa = PBXSourcesBuildPhase;
			buildActionMask = 2147483647;
			files = (
				D2103CA91C65AFAB00830F56 /* ViewController.swift in Sources */,
				D2103CA71C65AFAB00830F56 /* AppDelegate.swift in Sources */,
			);
			runOnlyForDeploymentPostprocessing = 0;
		};
/* End PBXSourcesBuildPhase section */

/* Begin PBXVariantGroup section */
		D2103CAA1C65AFAB00830F56 /* Main.storyboard */ = {
			isa = PBXVariantGroup;
			children = (
				D2103CAB1C65AFAB00830F56 /* Base */,
			);
			name = Main.storyboard;
			sourceTree = "<group>";
		};
		D2103CAF1C65AFAB00830F56 /* LaunchScreen.storyboard */ = {
			isa = PBXVariantGroup;
			children = (
				D2103CB01C65AFAB00830F56 /* Base */,
			);
			name = LaunchScreen.storyboard;
			sourceTree = "<group>";
		};
/* End PBXVariantGroup section */

/* Begin XCBuildConfiguration section */
		D2103CB31C65AFAB00830F56 /* Debug */ = {
			isa = XCBuildConfiguration;
			buildSettings = {
				ALWAYS_SEARCH_USER_PATHS = NO;
				CLANG_CXX_LANGUAGE_STANDARD = "gnu++0x";
				CLANG_CXX_LIBRARY = "libc++";
				CLANG_ENABLE_MODULES = YES;
				CLANG_ENABLE_OBJC_ARC = YES;
				CLANG_WARN_BOOL_CONVERSION = YES;
				CLANG_WARN_CONSTANT_CONVERSION = YES;
				CLANG_WARN_DIRECT_OBJC_ISA_USAGE = YES_ERROR;
				CLANG_WARN_EMPTY_BODY = YES;
				CLANG_WARN_ENUM_CONVERSION = YES;
				CLANG_WARN_INT_CONVERSION = YES;
				CLANG_WARN_OBJC_ROOT_CLASS = YES_ERROR;
				CLANG_WARN_UNREACHABLE_CODE = YES;
				CLANG_WARN__DUPLICATE_METHOD_MATCH = YES;
				"CODE_SIGN_IDENTITY[sdk=iphoneos*]" = "iPhone Developer";
				COPY_PHASE_STRIP = NO;
				DEBUG_INFORMATION_FORMAT = dwarf;
				ENABLE_STRICT_OBJC_MSGSEND = YES;
				ENABLE_TESTABILITY = YES;
				GCC_C_LANGUAGE_STANDARD = gnu99;
				GCC_DYNAMIC_NO_PIC = NO;
				GCC_NO_COMMON_BLOCKS = YES;
				GCC_OPTIMIZATION_LEVEL = 0;
				GCC_PREPROCESSOR_DEFINITIONS = (
					"DEBUG=1",
					"$(inherited)",
				);
				GCC_WARN_64_TO_32_BIT_CONVERSION = YES;
				GCC_WARN_ABOUT_RETURN_TYPE = YES_ERROR;
				GCC_WARN_UNDECLARED_SELECTOR = YES;
				GCC_WARN_UNINITIALIZED_AUTOS = YES_AGGRESSIVE;
				GCC_WARN_UNUSED_FUNCTION = YES;
				GCC_WARN_UNUSED_VARIABLE = YES;
				IPHONEOS_DEPLOYMENT_TARGET = 9.2;
				MTL_ENABLE_DEBUG_INFO = YES;
				ONLY_ACTIVE_ARCH = YES;
				SDKROOT = iphoneos;
				SWIFT_OPTIMIZATION_LEVEL = "-Onone";
			};
			name = Debug;
		};
		D2103CB41C65AFAB00830F56 /* Release */ = {
			isa = XCBuildConfiguration;
			buildSettings = {
				ALWAYS_SEARCH_USER_PATHS = NO;
				CLANG_CXX_LANGUAGE_STANDARD = "gnu++0x";
				CLANG_CXX_LIBRARY = "libc++";
				CLANG_ENABLE_MODULES = YES;
				CLANG_ENABLE_OBJC_ARC = YES;
				CLANG_WARN_BOOL_CONVERSION = YES;
				CLANG_WARN_CONSTANT_CONVERSION = YES;
				CLANG_WARN_DIRECT_OBJC_ISA_USAGE = YES_ERROR;
				CLANG_WARN_EMPTY_BODY = YES;
				CLANG_WARN_ENUM_CONVERSION = YES;
				CLANG_WARN_INT_CONVERSION = YES;
				CLANG_WARN_OBJC_ROOT_CLASS = YES_ERROR;
				CLANG_WARN_UNREACHABLE_CODE = YES;
				CLANG_WARN__DUPLICATE_METHOD_MATCH = YES;
				"CODE_SIGN_IDENTITY[sdk=iphoneos*]" = "iPhone Developer";
				COPY_PHASE_STRIP = NO;
				DEBUG_INFORMATION_FORMAT = "dwarf-with-dsym";
				ENABLE_NS_ASSERTIONS = NO;
				ENABLE_STRICT_OBJC_MSGSEND = YES;
				GCC_C_LANGUAGE_STANDARD = gnu99;
				GCC_NO_COMMON_BLOCKS = YES;
				GCC_WARN_64_TO_32_BIT_CONVERSION = YES;
				GCC_WARN_ABOUT_RETURN_TYPE = YES_ERROR;
				GCC_WARN_UNDECLARED_SELECTOR = YES;
				GCC_WARN_UNINITIALIZED_AUTOS = YES_AGGRESSIVE;
				GCC_WARN_UNUSED_FUNCTION = YES;
				GCC_WARN_UNUSED_VARIABLE = YES;
				IPHONEOS_DEPLOYMENT_TARGET = 9.2;
				MTL_ENABLE_DEBUG_INFO = NO;
				SDKROOT = iphoneos;
				VALIDATE_PRODUCT = YES;
			};
			name = Release;
		};
		D2103CB61C65AFAB00830F56 /* Debug */ = {
			isa = XCBuildConfiguration;
			buildSettings = {
				ASSETCATALOG_COMPILER_APPICON_NAME = AppIcon;
				INFOPLIST_FILE = "bowl-social-dev/Info.plist";
				LD_RUNPATH_SEARCH_PATHS = "$(inherited) @executable_path/Frameworks";
				PRODUCT_BUNDLE_IDENTIFIER = "com.codecreateinnovate.bowl-social-dev";
				PRODUCT_NAME = "$(TARGET_NAME)";
			};
			name = Debug;
		};
		D2103CB71C65AFAB00830F56 /* Release */ = {
			isa = XCBuildConfiguration;
			buildSettings = {
				ASSETCATALOG_COMPILER_APPICON_NAME = AppIcon;
				INFOPLIST_FILE = "bowl-social-dev/Info.plist";
				LD_RUNPATH_SEARCH_PATHS = "$(inherited) @executable_path/Frameworks";
				PRODUCT_BUNDLE_IDENTIFIER = "com.codecreateinnovate.bowl-social-dev";
				PRODUCT_NAME = "$(TARGET_NAME)";
			};
			name = Release;
		};
/* End XCBuildConfiguration section */

/* Begin XCConfigurationList section */
		D2103C9E1C65AFAB00830F56 /* Build configuration list for PBXProject "bowl-social-dev" */ = {
			isa = XCConfigurationList;
			buildConfigurations = (
				D2103CB31C65AFAB00830F56 /* Debug */,
				D2103CB41C65AFAB00830F56 /* Release */,
			);
			defaultConfigurationIsVisible = 0;
			defaultConfigurationName = Release;
		};
		D2103CB51C65AFAB00830F56 /* Build configuration list for PBXNativeTarget "bowl-social-dev" */ = {
			isa = XCConfigurationList;
			buildConfigurations = (
				D2103CB61C65AFAB00830F56 /* Debug */,
				D2103CB71C65AFAB00830F56 /* Release */,
			);
			defaultConfigurationIsVisible = 0;
		};
/* End XCConfigurationList section */
	};
	rootObject = D2103C9B1C65AFAB00830F56 /* Project object */;
}
